
Microsoft Visual Studio Solution File, Format Version 12.00
# Visual Studio Version 17
VisualStudioVersion = 17.0.31903.59
MinimumVisualStudioVersion = 10.0.40219.1
Project("{2150E333-8FDC-42A3-9474-1A3956D46DE8}") = "Dice", "Dice", "{D5A7FB10-B71A-4393-94D0-987AA83AAA74}"
EndProject
Project("{FAE04EC0-301F-11D3-BF4B-00C04F79EFBC}") = "Dice", "Dice\Dice\Dice.csproj", "{80C23C87-E168-46E5-B445-C92FEC757441}"
Global
	GlobalSection(SolutionConfigurationPlatforms) = preSolution
		Debug|Any CPU = Debug|Any CPU
		Release|Any CPU = Release|Any CPU
	EndGlobalSection
	GlobalSection(SolutionProperties) = preSolution
		HideSolutionNode = FALSE
	EndGlobalSection
	GlobalSection(ProjectConfigurationPlatforms) = postSolution
		{80C23C87-E168-46E5-B445-C92FEC757441}.Debug|Any CPU.ActiveCfg = Debug|Any CPU
		{80C23C87-E168-46E5-B445-C92FEC757441}.Debug|Any CPU.Build.0 = Debug|Any CPU
		{80C23C87-E168-46E5-B445-C92FEC757441}.Release|Any CPU.ActiveCfg = Release|Any CPU
		{80C23C87-E168-46E5-B445-C92FEC757441}.Release|Any CPU.Build.0 = Release|Any CPU
		{12CF4C4D-9476-4FDE-9474-FA46BB9A2783}.Debug|Any CPU.ActiveCfg = Debug|Any CPU
		{12CF4C4D-9476-4FDE-9474-FA46BB9A2783}.Debug|Any CPU.Build.0 = Debug|Any CPU
		{12CF4C4D-9476-4FDE-9474-FA46BB9A2783}.Release|Any CPU.ActiveCfg = Release|Any CPU
		{12CF4C4D-9476-4FDE-9474-FA46BB9A2783}.Release|Any CPU.Build.0 = Release|Any CPU
	EndGlobalSection
	GlobalSection(NestedProjects) = preSolution
		{80C23C87-E168-46E5-B445-C92FEC757441} = {D5A7FB10-B71A-4393-94D0-987AA83AAA74}
		{12CF4C4D-9476-4FDE-9474-FA46BB9A2783} = {D5A7FB10-B71A-4393-94D0-987AA83AAA74}
	EndGlobalSection
EndGlobal
